
Microsoft Visual Studio Solution File, Format Version 12.00
# Visual Studio Version 17
VisualStudioVersion = 17.8.34330.188
MinimumVisualStudioVersion = 10.0.40219.1
Project("{FAE04EC0-301F-11D3-BF4B-00C04F79EFBC}") = "ödev5", "ödev5\ödev5.csproj", "{D34FB9AA-E85E-4DB2-8812-620FB154FC78}"
EndProject
Global
	GlobalSection(SolutionConfigurationPlatforms) = preSolution
		Debug|Any CPU = Debug|Any CPU
		Release|Any CPU = Release|Any CPU
	EndGlobalSection
	GlobalSection(ProjectConfigurationPlatforms) = postSolution
		{D34FB9AA-E85E-4DB2-8812-620FB154FC78}.Debug|Any CPU.ActiveCfg = Debug|Any CPU
		{D34FB9AA-E85E-4DB2-8812-620FB154FC78}.Debug|Any CPU.Build.0 = Debug|Any CPU
		{D34FB9AA-E85E-4DB2-8812-620FB154FC78}.Release|Any CPU.ActiveCfg = Release|Any CPU
		{D34FB9AA-E85E-4DB2-8812-620FB154FC78}.Release|Any CPU.Build.0 = Release|Any CPU
	EndGlobalSection
	GlobalSection(SolutionProperties) = preSolution
		HideSolutionNode = FALSE
	EndGlobalSection
	GlobalSection(ExtensibilityGlobals) = postSolution
		SolutionGuid = {0F8C79B3-F271-42DA-A88B-2B1F4B639FC6}
	EndGlobalSection
EndGlobal
