
Microsoft Visual Studio Solution File, Format Version 12.00
# Visual Studio Version 17
VisualStudioVersion = 17.8.34330.188
MinimumVisualStudioVersion = 10.0.40219.1
Project("{FAE04EC0-301F-11D3-BF4B-00C04F79EFBC}") = "ödev40", "ödev40\ödev40.csproj", "{2575116F-BB79-4AB7-8D5C-802ADAF91139}"
EndProject
Global
	GlobalSection(SolutionConfigurationPlatforms) = preSolution
		Debug|Any CPU = Debug|Any CPU
		Release|Any CPU = Release|Any CPU
	EndGlobalSection
	GlobalSection(ProjectConfigurationPlatforms) = postSolution
		{2575116F-BB79-4AB7-8D5C-802ADAF91139}.Debug|Any CPU.ActiveCfg = Debug|Any CPU
		{2575116F-BB79-4AB7-8D5C-802ADAF91139}.Debug|Any CPU.Build.0 = Debug|Any CPU
		{2575116F-BB79-4AB7-8D5C-802ADAF91139}.Release|Any CPU.ActiveCfg = Release|Any CPU
		{2575116F-BB79-4AB7-8D5C-802ADAF91139}.Release|Any CPU.Build.0 = Release|Any CPU
	EndGlobalSection
	GlobalSection(SolutionProperties) = preSolution
		HideSolutionNode = FALSE
	EndGlobalSection
	GlobalSection(ExtensibilityGlobals) = postSolution
		SolutionGuid = {A3757040-973E-4616-94B7-F697D805FAA0}
	EndGlobalSection
EndGlobal
