
Microsoft Visual Studio Solution File, Format Version 12.00
# Visual Studio Version 17
VisualStudioVersion = 17.8.34330.188
MinimumVisualStudioVersion = 10.0.40219.1
Project("{FAE04EC0-301F-11D3-BF4B-00C04F79EFBC}") = "ödev50", "ödev50\ödev50.csproj", "{5E8FF8C8-3F48-4C9D-AB82-EB20ED27A23A}"
EndProject
Global
	GlobalSection(SolutionConfigurationPlatforms) = preSolution
		Debug|Any CPU = Debug|Any CPU
		Release|Any CPU = Release|Any CPU
	EndGlobalSection
	GlobalSection(ProjectConfigurationPlatforms) = postSolution
		{5E8FF8C8-3F48-4C9D-AB82-EB20ED27A23A}.Debug|Any CPU.ActiveCfg = Debug|Any CPU
		{5E8FF8C8-3F48-4C9D-AB82-EB20ED27A23A}.Debug|Any CPU.Build.0 = Debug|Any CPU
		{5E8FF8C8-3F48-4C9D-AB82-EB20ED27A23A}.Release|Any CPU.ActiveCfg = Release|Any CPU
		{5E8FF8C8-3F48-4C9D-AB82-EB20ED27A23A}.Release|Any CPU.Build.0 = Release|Any CPU
	EndGlobalSection
	GlobalSection(SolutionProperties) = preSolution
		HideSolutionNode = FALSE
	EndGlobalSection
	GlobalSection(ExtensibilityGlobals) = postSolution
		SolutionGuid = {4DE7987D-846A-4B20-9C5D-4C1FED72956A}
	EndGlobalSection
EndGlobal
