
Microsoft Visual Studio Solution File, Format Version 12.00
# Visual Studio Version 17
VisualStudioVersion = 17.8.34330.188
MinimumVisualStudioVersion = 10.0.40219.1
Project("{FAE04EC0-301F-11D3-BF4B-00C04F79EFBC}") = "ödev30", "ödev30\ödev30.csproj", "{133C17B0-B8B2-445C-ADD2-A726F89EFCA3}"
EndProject
Global
	GlobalSection(SolutionConfigurationPlatforms) = preSolution
		Debug|Any CPU = Debug|Any CPU
		Release|Any CPU = Release|Any CPU
	EndGlobalSection
	GlobalSection(ProjectConfigurationPlatforms) = postSolution
		{133C17B0-B8B2-445C-ADD2-A726F89EFCA3}.Debug|Any CPU.ActiveCfg = Debug|Any CPU
		{133C17B0-B8B2-445C-ADD2-A726F89EFCA3}.Debug|Any CPU.Build.0 = Debug|Any CPU
		{133C17B0-B8B2-445C-ADD2-A726F89EFCA3}.Release|Any CPU.ActiveCfg = Release|Any CPU
		{133C17B0-B8B2-445C-ADD2-A726F89EFCA3}.Release|Any CPU.Build.0 = Release|Any CPU
	EndGlobalSection
	GlobalSection(SolutionProperties) = preSolution
		HideSolutionNode = FALSE
	EndGlobalSection
	GlobalSection(ExtensibilityGlobals) = postSolution
		SolutionGuid = {BA0A124E-21C9-4E36-AA37-88FB9617C8F7}
	EndGlobalSection
EndGlobal
