
Microsoft Visual Studio Solution File, Format Version 12.00
# Visual Studio Version 17
VisualStudioVersion = 17.8.34330.188
MinimumVisualStudioVersion = 10.0.40219.1
Project("{FAE04EC0-301F-11D3-BF4B-00C04F79EFBC}") = "ödev62", "ödev62\ödev62.csproj", "{63CF0E65-9986-4C03-ADD1-0A1CE47030FA}"
EndProject
Global
	GlobalSection(SolutionConfigurationPlatforms) = preSolution
		Debug|Any CPU = Debug|Any CPU
		Release|Any CPU = Release|Any CPU
	EndGlobalSection
	GlobalSection(ProjectConfigurationPlatforms) = postSolution
		{63CF0E65-9986-4C03-ADD1-0A1CE47030FA}.Debug|Any CPU.ActiveCfg = Debug|Any CPU
		{63CF0E65-9986-4C03-ADD1-0A1CE47030FA}.Debug|Any CPU.Build.0 = Debug|Any CPU
		{63CF0E65-9986-4C03-ADD1-0A1CE47030FA}.Release|Any CPU.ActiveCfg = Release|Any CPU
		{63CF0E65-9986-4C03-ADD1-0A1CE47030FA}.Release|Any CPU.Build.0 = Release|Any CPU
	EndGlobalSection
	GlobalSection(SolutionProperties) = preSolution
		HideSolutionNode = FALSE
	EndGlobalSection
	GlobalSection(ExtensibilityGlobals) = postSolution
		SolutionGuid = {FC1C6185-6123-431B-8EAD-CCD88E24507C}
	EndGlobalSection
EndGlobal
