
Microsoft Visual Studio Solution File, Format Version 12.00
# Visual Studio Version 17
VisualStudioVersion = 17.8.34330.188
MinimumVisualStudioVersion = 10.0.40219.1
Project("{FAE04EC0-301F-11D3-BF4B-00C04F79EFBC}") = "ödev45", "ödev45\ödev45.csproj", "{AE2FEF15-F8E0-473A-8416-FCAA21814DA1}"
EndProject
Global
	GlobalSection(SolutionConfigurationPlatforms) = preSolution
		Debug|Any CPU = Debug|Any CPU
		Release|Any CPU = Release|Any CPU
	EndGlobalSection
	GlobalSection(ProjectConfigurationPlatforms) = postSolution
		{AE2FEF15-F8E0-473A-8416-FCAA21814DA1}.Debug|Any CPU.ActiveCfg = Debug|Any CPU
		{AE2FEF15-F8E0-473A-8416-FCAA21814DA1}.Debug|Any CPU.Build.0 = Debug|Any CPU
		{AE2FEF15-F8E0-473A-8416-FCAA21814DA1}.Release|Any CPU.ActiveCfg = Release|Any CPU
		{AE2FEF15-F8E0-473A-8416-FCAA21814DA1}.Release|Any CPU.Build.0 = Release|Any CPU
	EndGlobalSection
	GlobalSection(SolutionProperties) = preSolution
		HideSolutionNode = FALSE
	EndGlobalSection
	GlobalSection(ExtensibilityGlobals) = postSolution
		SolutionGuid = {4E43ECE6-501A-43BD-93A5-FA0F588FE7B0}
	EndGlobalSection
EndGlobal
