
Microsoft Visual Studio Solution File, Format Version 12.00
# Visual Studio Version 17
VisualStudioVersion = 17.8.34330.188
MinimumVisualStudioVersion = 10.0.40219.1
Project("{FAE04EC0-301F-11D3-BF4B-00C04F79EFBC}") = "ödev22", "ödev22\ödev22.csproj", "{323C84A3-B2ED-45A0-B521-72ED341B3156}"
EndProject
Global
	GlobalSection(SolutionConfigurationPlatforms) = preSolution
		Debug|Any CPU = Debug|Any CPU
		Release|Any CPU = Release|Any CPU
	EndGlobalSection
	GlobalSection(ProjectConfigurationPlatforms) = postSolution
		{323C84A3-B2ED-45A0-B521-72ED341B3156}.Debug|Any CPU.ActiveCfg = Debug|Any CPU
		{323C84A3-B2ED-45A0-B521-72ED341B3156}.Debug|Any CPU.Build.0 = Debug|Any CPU
		{323C84A3-B2ED-45A0-B521-72ED341B3156}.Release|Any CPU.ActiveCfg = Release|Any CPU
		{323C84A3-B2ED-45A0-B521-72ED341B3156}.Release|Any CPU.Build.0 = Release|Any CPU
	EndGlobalSection
	GlobalSection(SolutionProperties) = preSolution
		HideSolutionNode = FALSE
	EndGlobalSection
	GlobalSection(ExtensibilityGlobals) = postSolution
		SolutionGuid = {C8731710-8CB4-477D-94EB-3EAF7017169B}
	EndGlobalSection
EndGlobal
