
Microsoft Visual Studio Solution File, Format Version 12.00
# Visual Studio Version 17
VisualStudioVersion = 17.8.34330.188
MinimumVisualStudioVersion = 10.0.40219.1
Project("{FAE04EC0-301F-11D3-BF4B-00C04F79EFBC}") = "ödev48", "ödev48\ödev48.csproj", "{D3307E0F-C02C-4DD5-8A10-1B3D0A0F4839}"
EndProject
Global
	GlobalSection(SolutionConfigurationPlatforms) = preSolution
		Debug|Any CPU = Debug|Any CPU
		Release|Any CPU = Release|Any CPU
	EndGlobalSection
	GlobalSection(ProjectConfigurationPlatforms) = postSolution
		{D3307E0F-C02C-4DD5-8A10-1B3D0A0F4839}.Debug|Any CPU.ActiveCfg = Debug|Any CPU
		{D3307E0F-C02C-4DD5-8A10-1B3D0A0F4839}.Debug|Any CPU.Build.0 = Debug|Any CPU
		{D3307E0F-C02C-4DD5-8A10-1B3D0A0F4839}.Release|Any CPU.ActiveCfg = Release|Any CPU
		{D3307E0F-C02C-4DD5-8A10-1B3D0A0F4839}.Release|Any CPU.Build.0 = Release|Any CPU
	EndGlobalSection
	GlobalSection(SolutionProperties) = preSolution
		HideSolutionNode = FALSE
	EndGlobalSection
	GlobalSection(ExtensibilityGlobals) = postSolution
		SolutionGuid = {50C0A189-A04E-461F-858F-758DD1D91E3D}
	EndGlobalSection
EndGlobal
