
Microsoft Visual Studio Solution File, Format Version 12.00
# Visual Studio Version 17
VisualStudioVersion = 17.8.34330.188
MinimumVisualStudioVersion = 10.0.40219.1
Project("{FAE04EC0-301F-11D3-BF4B-00C04F79EFBC}") = "ödev69", "ödev69\ödev69.csproj", "{D26A026A-E509-41FB-877B-23F4384779A3}"
EndProject
Global
	GlobalSection(SolutionConfigurationPlatforms) = preSolution
		Debug|Any CPU = Debug|Any CPU
		Release|Any CPU = Release|Any CPU
	EndGlobalSection
	GlobalSection(ProjectConfigurationPlatforms) = postSolution
		{D26A026A-E509-41FB-877B-23F4384779A3}.Debug|Any CPU.ActiveCfg = Debug|Any CPU
		{D26A026A-E509-41FB-877B-23F4384779A3}.Debug|Any CPU.Build.0 = Debug|Any CPU
		{D26A026A-E509-41FB-877B-23F4384779A3}.Release|Any CPU.ActiveCfg = Release|Any CPU
		{D26A026A-E509-41FB-877B-23F4384779A3}.Release|Any CPU.Build.0 = Release|Any CPU
	EndGlobalSection
	GlobalSection(SolutionProperties) = preSolution
		HideSolutionNode = FALSE
	EndGlobalSection
	GlobalSection(ExtensibilityGlobals) = postSolution
		SolutionGuid = {65B5E34C-753A-4F2A-B187-F6D2180B06DF}
	EndGlobalSection
EndGlobal
