
Microsoft Visual Studio Solution File, Format Version 12.00
# Visual Studio Version 17
VisualStudioVersion = 17.8.34330.188
MinimumVisualStudioVersion = 10.0.40219.1
Project("{FAE04EC0-301F-11D3-BF4B-00C04F79EFBC}") = "ödev5.1", "ödev5.1\ödev5.1.csproj", "{846E451D-F8CF-4D2D-A9C3-D38228648F1F}"
EndProject
Global
	GlobalSection(SolutionConfigurationPlatforms) = preSolution
		Debug|Any CPU = Debug|Any CPU
		Release|Any CPU = Release|Any CPU
	EndGlobalSection
	GlobalSection(ProjectConfigurationPlatforms) = postSolution
		{846E451D-F8CF-4D2D-A9C3-D38228648F1F}.Debug|Any CPU.ActiveCfg = Debug|Any CPU
		{846E451D-F8CF-4D2D-A9C3-D38228648F1F}.Debug|Any CPU.Build.0 = Debug|Any CPU
		{846E451D-F8CF-4D2D-A9C3-D38228648F1F}.Release|Any CPU.ActiveCfg = Release|Any CPU
		{846E451D-F8CF-4D2D-A9C3-D38228648F1F}.Release|Any CPU.Build.0 = Release|Any CPU
	EndGlobalSection
	GlobalSection(SolutionProperties) = preSolution
		HideSolutionNode = FALSE
	EndGlobalSection
	GlobalSection(ExtensibilityGlobals) = postSolution
		SolutionGuid = {DC350D64-FFAA-4828-A012-B959AF189F11}
	EndGlobalSection
EndGlobal
