
Microsoft Visual Studio Solution File, Format Version 12.00
# Visual Studio Version 17
VisualStudioVersion = 17.8.34330.188
MinimumVisualStudioVersion = 10.0.40219.1
Project("{FAE04EC0-301F-11D3-BF4B-00C04F79EFBC}") = "ödev26", "ödev26\ödev26.csproj", "{027FC764-493F-42E9-A330-991D9ABDF6FF}"
EndProject
Global
	GlobalSection(SolutionConfigurationPlatforms) = preSolution
		Debug|Any CPU = Debug|Any CPU
		Release|Any CPU = Release|Any CPU
	EndGlobalSection
	GlobalSection(ProjectConfigurationPlatforms) = postSolution
		{027FC764-493F-42E9-A330-991D9ABDF6FF}.Debug|Any CPU.ActiveCfg = Debug|Any CPU
		{027FC764-493F-42E9-A330-991D9ABDF6FF}.Debug|Any CPU.Build.0 = Debug|Any CPU
		{027FC764-493F-42E9-A330-991D9ABDF6FF}.Release|Any CPU.ActiveCfg = Release|Any CPU
		{027FC764-493F-42E9-A330-991D9ABDF6FF}.Release|Any CPU.Build.0 = Release|Any CPU
	EndGlobalSection
	GlobalSection(SolutionProperties) = preSolution
		HideSolutionNode = FALSE
	EndGlobalSection
	GlobalSection(ExtensibilityGlobals) = postSolution
		SolutionGuid = {C43A60A1-914F-429C-B2C0-0FC761847138}
	EndGlobalSection
EndGlobal
