
Microsoft Visual Studio Solution File, Format Version 12.00
# Visual Studio Version 17
VisualStudioVersion = 17.8.34330.188
MinimumVisualStudioVersion = 10.0.40219.1
Project("{FAE04EC0-301F-11D3-BF4B-00C04F79EFBC}") = "ödev32", "ödev32\ödev32.csproj", "{9317C3A9-723A-4CCB-B1EF-CD48E642AB93}"
EndProject
Global
	GlobalSection(SolutionConfigurationPlatforms) = preSolution
		Debug|Any CPU = Debug|Any CPU
		Release|Any CPU = Release|Any CPU
	EndGlobalSection
	GlobalSection(ProjectConfigurationPlatforms) = postSolution
		{9317C3A9-723A-4CCB-B1EF-CD48E642AB93}.Debug|Any CPU.ActiveCfg = Debug|Any CPU
		{9317C3A9-723A-4CCB-B1EF-CD48E642AB93}.Debug|Any CPU.Build.0 = Debug|Any CPU
		{9317C3A9-723A-4CCB-B1EF-CD48E642AB93}.Release|Any CPU.ActiveCfg = Release|Any CPU
		{9317C3A9-723A-4CCB-B1EF-CD48E642AB93}.Release|Any CPU.Build.0 = Release|Any CPU
	EndGlobalSection
	GlobalSection(SolutionProperties) = preSolution
		HideSolutionNode = FALSE
	EndGlobalSection
	GlobalSection(ExtensibilityGlobals) = postSolution
		SolutionGuid = {6B542A8D-6B35-4899-A508-D0A967E16AEC}
	EndGlobalSection
EndGlobal
