
Microsoft Visual Studio Solution File, Format Version 12.00
# Visual Studio Version 17
VisualStudioVersion = 17.8.34330.188
MinimumVisualStudioVersion = 10.0.40219.1
Project("{FAE04EC0-301F-11D3-BF4B-00C04F79EFBC}") = "ödev19", "ödev19\ödev19.csproj", "{C1F88C42-342D-4BC3-85A1-E2F6830E40E6}"
EndProject
Global
	GlobalSection(SolutionConfigurationPlatforms) = preSolution
		Debug|Any CPU = Debug|Any CPU
		Release|Any CPU = Release|Any CPU
	EndGlobalSection
	GlobalSection(ProjectConfigurationPlatforms) = postSolution
		{C1F88C42-342D-4BC3-85A1-E2F6830E40E6}.Debug|Any CPU.ActiveCfg = Debug|Any CPU
		{C1F88C42-342D-4BC3-85A1-E2F6830E40E6}.Debug|Any CPU.Build.0 = Debug|Any CPU
		{C1F88C42-342D-4BC3-85A1-E2F6830E40E6}.Release|Any CPU.ActiveCfg = Release|Any CPU
		{C1F88C42-342D-4BC3-85A1-E2F6830E40E6}.Release|Any CPU.Build.0 = Release|Any CPU
	EndGlobalSection
	GlobalSection(SolutionProperties) = preSolution
		HideSolutionNode = FALSE
	EndGlobalSection
	GlobalSection(ExtensibilityGlobals) = postSolution
		SolutionGuid = {E78E30EE-DAEC-49A6-9249-77D91B5EEE35}
	EndGlobalSection
EndGlobal
