
Microsoft Visual Studio Solution File, Format Version 12.00
# Visual Studio Version 17
VisualStudioVersion = 17.8.34330.188
MinimumVisualStudioVersion = 10.0.40219.1
Project("{FAE04EC0-301F-11D3-BF4B-00C04F79EFBC}") = "ödev41", "ödev41\ödev41.csproj", "{FE2EBD73-F55F-43F5-BF43-388F0D289B5A}"
EndProject
Global
	GlobalSection(SolutionConfigurationPlatforms) = preSolution
		Debug|Any CPU = Debug|Any CPU
		Release|Any CPU = Release|Any CPU
	EndGlobalSection
	GlobalSection(ProjectConfigurationPlatforms) = postSolution
		{FE2EBD73-F55F-43F5-BF43-388F0D289B5A}.Debug|Any CPU.ActiveCfg = Debug|Any CPU
		{FE2EBD73-F55F-43F5-BF43-388F0D289B5A}.Debug|Any CPU.Build.0 = Debug|Any CPU
		{FE2EBD73-F55F-43F5-BF43-388F0D289B5A}.Release|Any CPU.ActiveCfg = Release|Any CPU
		{FE2EBD73-F55F-43F5-BF43-388F0D289B5A}.Release|Any CPU.Build.0 = Release|Any CPU
	EndGlobalSection
	GlobalSection(SolutionProperties) = preSolution
		HideSolutionNode = FALSE
	EndGlobalSection
	GlobalSection(ExtensibilityGlobals) = postSolution
		SolutionGuid = {AA37EC6F-5EEC-4F3A-BC0F-17F78BBB0D33}
	EndGlobalSection
EndGlobal
