
Microsoft Visual Studio Solution File, Format Version 12.00
# Visual Studio Version 17
VisualStudioVersion = 17.8.34330.188
MinimumVisualStudioVersion = 10.0.40219.1
Project("{FAE04EC0-301F-11D3-BF4B-00C04F79EFBC}") = "ödev70", "ödev70\ödev70.csproj", "{B8613285-4179-4FA4-927B-2A6AA51E9989}"
EndProject
Global
	GlobalSection(SolutionConfigurationPlatforms) = preSolution
		Debug|Any CPU = Debug|Any CPU
		Release|Any CPU = Release|Any CPU
	EndGlobalSection
	GlobalSection(ProjectConfigurationPlatforms) = postSolution
		{B8613285-4179-4FA4-927B-2A6AA51E9989}.Debug|Any CPU.ActiveCfg = Debug|Any CPU
		{B8613285-4179-4FA4-927B-2A6AA51E9989}.Debug|Any CPU.Build.0 = Debug|Any CPU
		{B8613285-4179-4FA4-927B-2A6AA51E9989}.Release|Any CPU.ActiveCfg = Release|Any CPU
		{B8613285-4179-4FA4-927B-2A6AA51E9989}.Release|Any CPU.Build.0 = Release|Any CPU
	EndGlobalSection
	GlobalSection(SolutionProperties) = preSolution
		HideSolutionNode = FALSE
	EndGlobalSection
	GlobalSection(ExtensibilityGlobals) = postSolution
		SolutionGuid = {C819999A-B6C0-47CB-8ED4-DA10926BE25F}
	EndGlobalSection
EndGlobal
