
Microsoft Visual Studio Solution File, Format Version 12.00
# Visual Studio Version 17
VisualStudioVersion = 17.8.34330.188
MinimumVisualStudioVersion = 10.0.40219.1
Project("{FAE04EC0-301F-11D3-BF4B-00C04F79EFBC}") = "ödev38", "ödev38\ödev38.csproj", "{A927BF29-65AB-46BD-A6D9-8DD02C24266B}"
EndProject
Global
	GlobalSection(SolutionConfigurationPlatforms) = preSolution
		Debug|Any CPU = Debug|Any CPU
		Release|Any CPU = Release|Any CPU
	EndGlobalSection
	GlobalSection(ProjectConfigurationPlatforms) = postSolution
		{A927BF29-65AB-46BD-A6D9-8DD02C24266B}.Debug|Any CPU.ActiveCfg = Debug|Any CPU
		{A927BF29-65AB-46BD-A6D9-8DD02C24266B}.Debug|Any CPU.Build.0 = Debug|Any CPU
		{A927BF29-65AB-46BD-A6D9-8DD02C24266B}.Release|Any CPU.ActiveCfg = Release|Any CPU
		{A927BF29-65AB-46BD-A6D9-8DD02C24266B}.Release|Any CPU.Build.0 = Release|Any CPU
	EndGlobalSection
	GlobalSection(SolutionProperties) = preSolution
		HideSolutionNode = FALSE
	EndGlobalSection
	GlobalSection(ExtensibilityGlobals) = postSolution
		SolutionGuid = {73617760-DB55-4A44-B8BC-52970C25F493}
	EndGlobalSection
EndGlobal
