
Microsoft Visual Studio Solution File, Format Version 12.00
# Visual Studio Version 17
VisualStudioVersion = 17.8.34330.188
MinimumVisualStudioVersion = 10.0.40219.1
Project("{FAE04EC0-301F-11D3-BF4B-00C04F79EFBC}") = "ödev68", "ödev68\ödev68.csproj", "{201B678E-3424-4E15-BED7-B3F9B2FF89A6}"
EndProject
Global
	GlobalSection(SolutionConfigurationPlatforms) = preSolution
		Debug|Any CPU = Debug|Any CPU
		Release|Any CPU = Release|Any CPU
	EndGlobalSection
	GlobalSection(ProjectConfigurationPlatforms) = postSolution
		{201B678E-3424-4E15-BED7-B3F9B2FF89A6}.Debug|Any CPU.ActiveCfg = Debug|Any CPU
		{201B678E-3424-4E15-BED7-B3F9B2FF89A6}.Debug|Any CPU.Build.0 = Debug|Any CPU
		{201B678E-3424-4E15-BED7-B3F9B2FF89A6}.Release|Any CPU.ActiveCfg = Release|Any CPU
		{201B678E-3424-4E15-BED7-B3F9B2FF89A6}.Release|Any CPU.Build.0 = Release|Any CPU
	EndGlobalSection
	GlobalSection(SolutionProperties) = preSolution
		HideSolutionNode = FALSE
	EndGlobalSection
	GlobalSection(ExtensibilityGlobals) = postSolution
		SolutionGuid = {869F8733-8274-4053-B389-A40FEA22190A}
	EndGlobalSection
EndGlobal
