
Microsoft Visual Studio Solution File, Format Version 12.00
# Visual Studio Version 17
VisualStudioVersion = 17.8.34330.188
MinimumVisualStudioVersion = 10.0.40219.1
Project("{FAE04EC0-301F-11D3-BF4B-00C04F79EFBC}") = "ödev27", "ödev27\ödev27.csproj", "{962F10DE-3DFB-4883-89F0-D2167D7518E7}"
EndProject
Global
	GlobalSection(SolutionConfigurationPlatforms) = preSolution
		Debug|Any CPU = Debug|Any CPU
		Release|Any CPU = Release|Any CPU
	EndGlobalSection
	GlobalSection(ProjectConfigurationPlatforms) = postSolution
		{962F10DE-3DFB-4883-89F0-D2167D7518E7}.Debug|Any CPU.ActiveCfg = Debug|Any CPU
		{962F10DE-3DFB-4883-89F0-D2167D7518E7}.Debug|Any CPU.Build.0 = Debug|Any CPU
		{962F10DE-3DFB-4883-89F0-D2167D7518E7}.Release|Any CPU.ActiveCfg = Release|Any CPU
		{962F10DE-3DFB-4883-89F0-D2167D7518E7}.Release|Any CPU.Build.0 = Release|Any CPU
	EndGlobalSection
	GlobalSection(SolutionProperties) = preSolution
		HideSolutionNode = FALSE
	EndGlobalSection
	GlobalSection(ExtensibilityGlobals) = postSolution
		SolutionGuid = {F0E7F660-2CDE-49F6-9F38-B04112161A41}
	EndGlobalSection
EndGlobal
