
Microsoft Visual Studio Solution File, Format Version 12.00
# Visual Studio Version 17
VisualStudioVersion = 17.8.34330.188
MinimumVisualStudioVersion = 10.0.40219.1
Project("{FAE04EC0-301F-11D3-BF4B-00C04F79EFBC}") = "ödev53.1", "ödev53.1\ödev53.1.csproj", "{FFFFC46F-FDA1-4AE2-908F-09B4E835FEEE}"
EndProject
Global
	GlobalSection(SolutionConfigurationPlatforms) = preSolution
		Debug|Any CPU = Debug|Any CPU
		Release|Any CPU = Release|Any CPU
	EndGlobalSection
	GlobalSection(ProjectConfigurationPlatforms) = postSolution
		{FFFFC46F-FDA1-4AE2-908F-09B4E835FEEE}.Debug|Any CPU.ActiveCfg = Debug|Any CPU
		{FFFFC46F-FDA1-4AE2-908F-09B4E835FEEE}.Debug|Any CPU.Build.0 = Debug|Any CPU
		{FFFFC46F-FDA1-4AE2-908F-09B4E835FEEE}.Release|Any CPU.ActiveCfg = Release|Any CPU
		{FFFFC46F-FDA1-4AE2-908F-09B4E835FEEE}.Release|Any CPU.Build.0 = Release|Any CPU
	EndGlobalSection
	GlobalSection(SolutionProperties) = preSolution
		HideSolutionNode = FALSE
	EndGlobalSection
	GlobalSection(ExtensibilityGlobals) = postSolution
		SolutionGuid = {A7C68E55-9FED-4929-9FA9-72F01EB1C6E3}
	EndGlobalSection
EndGlobal
