
Microsoft Visual Studio Solution File, Format Version 12.00
# Visual Studio Version 17
VisualStudioVersion = 17.8.34330.188
MinimumVisualStudioVersion = 10.0.40219.1
Project("{FAE04EC0-301F-11D3-BF4B-00C04F79EFBC}") = "ödev51", "ödev51\ödev51.csproj", "{957C0357-511F-48E0-8EA4-96BBAFF7FC3A}"
EndProject
Global
	GlobalSection(SolutionConfigurationPlatforms) = preSolution
		Debug|Any CPU = Debug|Any CPU
		Release|Any CPU = Release|Any CPU
	EndGlobalSection
	GlobalSection(ProjectConfigurationPlatforms) = postSolution
		{957C0357-511F-48E0-8EA4-96BBAFF7FC3A}.Debug|Any CPU.ActiveCfg = Debug|Any CPU
		{957C0357-511F-48E0-8EA4-96BBAFF7FC3A}.Debug|Any CPU.Build.0 = Debug|Any CPU
		{957C0357-511F-48E0-8EA4-96BBAFF7FC3A}.Release|Any CPU.ActiveCfg = Release|Any CPU
		{957C0357-511F-48E0-8EA4-96BBAFF7FC3A}.Release|Any CPU.Build.0 = Release|Any CPU
	EndGlobalSection
	GlobalSection(SolutionProperties) = preSolution
		HideSolutionNode = FALSE
	EndGlobalSection
	GlobalSection(ExtensibilityGlobals) = postSolution
		SolutionGuid = {D3867F4F-5C01-4CF3-B9B0-572E086E01DE}
	EndGlobalSection
EndGlobal
