
Microsoft Visual Studio Solution File, Format Version 12.00
# Visual Studio Version 17
VisualStudioVersion = 17.8.34330.188
MinimumVisualStudioVersion = 10.0.40219.1
Project("{FAE04EC0-301F-11D3-BF4B-00C04F79EFBC}") = "ödev66", "ödev66\ödev66.csproj", "{43DE78E9-F56D-43B8-9B52-D9F6B930835D}"
EndProject
Global
	GlobalSection(SolutionConfigurationPlatforms) = preSolution
		Debug|Any CPU = Debug|Any CPU
		Release|Any CPU = Release|Any CPU
	EndGlobalSection
	GlobalSection(ProjectConfigurationPlatforms) = postSolution
		{43DE78E9-F56D-43B8-9B52-D9F6B930835D}.Debug|Any CPU.ActiveCfg = Debug|Any CPU
		{43DE78E9-F56D-43B8-9B52-D9F6B930835D}.Debug|Any CPU.Build.0 = Debug|Any CPU
		{43DE78E9-F56D-43B8-9B52-D9F6B930835D}.Release|Any CPU.ActiveCfg = Release|Any CPU
		{43DE78E9-F56D-43B8-9B52-D9F6B930835D}.Release|Any CPU.Build.0 = Release|Any CPU
	EndGlobalSection
	GlobalSection(SolutionProperties) = preSolution
		HideSolutionNode = FALSE
	EndGlobalSection
	GlobalSection(ExtensibilityGlobals) = postSolution
		SolutionGuid = {ACD0D42B-2D9E-4EFD-9360-65526CEAE032}
	EndGlobalSection
EndGlobal
