
Microsoft Visual Studio Solution File, Format Version 12.00
# Visual Studio Version 17
VisualStudioVersion = 17.8.34330.188
MinimumVisualStudioVersion = 10.0.40219.1
Project("{FAE04EC0-301F-11D3-BF4B-00C04F79EFBC}") = "ödev46", "ödev46\ödev46.csproj", "{708583CB-2BFA-494B-8F3F-1F28BA4DD7C3}"
EndProject
Global
	GlobalSection(SolutionConfigurationPlatforms) = preSolution
		Debug|Any CPU = Debug|Any CPU
		Release|Any CPU = Release|Any CPU
	EndGlobalSection
	GlobalSection(ProjectConfigurationPlatforms) = postSolution
		{708583CB-2BFA-494B-8F3F-1F28BA4DD7C3}.Debug|Any CPU.ActiveCfg = Debug|Any CPU
		{708583CB-2BFA-494B-8F3F-1F28BA4DD7C3}.Debug|Any CPU.Build.0 = Debug|Any CPU
		{708583CB-2BFA-494B-8F3F-1F28BA4DD7C3}.Release|Any CPU.ActiveCfg = Release|Any CPU
		{708583CB-2BFA-494B-8F3F-1F28BA4DD7C3}.Release|Any CPU.Build.0 = Release|Any CPU
	EndGlobalSection
	GlobalSection(SolutionProperties) = preSolution
		HideSolutionNode = FALSE
	EndGlobalSection
	GlobalSection(ExtensibilityGlobals) = postSolution
		SolutionGuid = {8156CD66-1677-4DFB-B019-197B4356E643}
	EndGlobalSection
EndGlobal
