
Microsoft Visual Studio Solution File, Format Version 12.00
# Visual Studio Version 17
VisualStudioVersion = 17.8.34330.188
MinimumVisualStudioVersion = 10.0.40219.1
Project("{FAE04EC0-301F-11D3-BF4B-00C04F79EFBC}") = "ödev7", "ödev7\ödev7.csproj", "{D3951A2F-BDB2-4D6E-9B44-B9E301D41CC6}"
EndProject
Global
	GlobalSection(SolutionConfigurationPlatforms) = preSolution
		Debug|Any CPU = Debug|Any CPU
		Release|Any CPU = Release|Any CPU
	EndGlobalSection
	GlobalSection(ProjectConfigurationPlatforms) = postSolution
		{D3951A2F-BDB2-4D6E-9B44-B9E301D41CC6}.Debug|Any CPU.ActiveCfg = Debug|Any CPU
		{D3951A2F-BDB2-4D6E-9B44-B9E301D41CC6}.Debug|Any CPU.Build.0 = Debug|Any CPU
		{D3951A2F-BDB2-4D6E-9B44-B9E301D41CC6}.Release|Any CPU.ActiveCfg = Release|Any CPU
		{D3951A2F-BDB2-4D6E-9B44-B9E301D41CC6}.Release|Any CPU.Build.0 = Release|Any CPU
	EndGlobalSection
	GlobalSection(SolutionProperties) = preSolution
		HideSolutionNode = FALSE
	EndGlobalSection
	GlobalSection(ExtensibilityGlobals) = postSolution
		SolutionGuid = {C1AA0D3D-B912-4C38-8B02-1C7CA23844D5}
	EndGlobalSection
EndGlobal
