
Microsoft Visual Studio Solution File, Format Version 12.00
# Visual Studio Version 17
VisualStudioVersion = 17.8.34330.188
MinimumVisualStudioVersion = 10.0.40219.1
Project("{FAE04EC0-301F-11D3-BF4B-00C04F79EFBC}") = "ödev75", "ödev75\ödev75.csproj", "{F3997BF1-BF74-4357-B98B-EB9D4C58FA90}"
EndProject
Global
	GlobalSection(SolutionConfigurationPlatforms) = preSolution
		Debug|Any CPU = Debug|Any CPU
		Release|Any CPU = Release|Any CPU
	EndGlobalSection
	GlobalSection(ProjectConfigurationPlatforms) = postSolution
		{F3997BF1-BF74-4357-B98B-EB9D4C58FA90}.Debug|Any CPU.ActiveCfg = Debug|Any CPU
		{F3997BF1-BF74-4357-B98B-EB9D4C58FA90}.Debug|Any CPU.Build.0 = Debug|Any CPU
		{F3997BF1-BF74-4357-B98B-EB9D4C58FA90}.Release|Any CPU.ActiveCfg = Release|Any CPU
		{F3997BF1-BF74-4357-B98B-EB9D4C58FA90}.Release|Any CPU.Build.0 = Release|Any CPU
	EndGlobalSection
	GlobalSection(SolutionProperties) = preSolution
		HideSolutionNode = FALSE
	EndGlobalSection
	GlobalSection(ExtensibilityGlobals) = postSolution
		SolutionGuid = {EEA05F99-56BC-4FD3-AAC6-E68DC73B33F2}
	EndGlobalSection
EndGlobal
