
Microsoft Visual Studio Solution File, Format Version 12.00
# Visual Studio Version 17
VisualStudioVersion = 17.8.34330.188
MinimumVisualStudioVersion = 10.0.40219.1
Project("{FAE04EC0-301F-11D3-BF4B-00C04F79EFBC}") = "ödev73", "ödev73\ödev73.csproj", "{BAF0407B-9396-4F02-BA0D-9986DA001E41}"
EndProject
Global
	GlobalSection(SolutionConfigurationPlatforms) = preSolution
		Debug|Any CPU = Debug|Any CPU
		Release|Any CPU = Release|Any CPU
	EndGlobalSection
	GlobalSection(ProjectConfigurationPlatforms) = postSolution
		{BAF0407B-9396-4F02-BA0D-9986DA001E41}.Debug|Any CPU.ActiveCfg = Debug|Any CPU
		{BAF0407B-9396-4F02-BA0D-9986DA001E41}.Debug|Any CPU.Build.0 = Debug|Any CPU
		{BAF0407B-9396-4F02-BA0D-9986DA001E41}.Release|Any CPU.ActiveCfg = Release|Any CPU
		{BAF0407B-9396-4F02-BA0D-9986DA001E41}.Release|Any CPU.Build.0 = Release|Any CPU
	EndGlobalSection
	GlobalSection(SolutionProperties) = preSolution
		HideSolutionNode = FALSE
	EndGlobalSection
	GlobalSection(ExtensibilityGlobals) = postSolution
		SolutionGuid = {0299F036-30FA-42BB-9428-F7D8E3EA12C9}
	EndGlobalSection
EndGlobal
