
Microsoft Visual Studio Solution File, Format Version 12.00
# Visual Studio Version 17
VisualStudioVersion = 17.8.34330.188
MinimumVisualStudioVersion = 10.0.40219.1
Project("{FAE04EC0-301F-11D3-BF4B-00C04F79EFBC}") = "ödev65", "ödev65\ödev65.csproj", "{1308FF81-EE55-41B5-A676-901374D9E13F}"
EndProject
Global
	GlobalSection(SolutionConfigurationPlatforms) = preSolution
		Debug|Any CPU = Debug|Any CPU
		Release|Any CPU = Release|Any CPU
	EndGlobalSection
	GlobalSection(ProjectConfigurationPlatforms) = postSolution
		{1308FF81-EE55-41B5-A676-901374D9E13F}.Debug|Any CPU.ActiveCfg = Debug|Any CPU
		{1308FF81-EE55-41B5-A676-901374D9E13F}.Debug|Any CPU.Build.0 = Debug|Any CPU
		{1308FF81-EE55-41B5-A676-901374D9E13F}.Release|Any CPU.ActiveCfg = Release|Any CPU
		{1308FF81-EE55-41B5-A676-901374D9E13F}.Release|Any CPU.Build.0 = Release|Any CPU
	EndGlobalSection
	GlobalSection(SolutionProperties) = preSolution
		HideSolutionNode = FALSE
	EndGlobalSection
	GlobalSection(ExtensibilityGlobals) = postSolution
		SolutionGuid = {43F7C0F8-0C2D-41CC-9505-DD09F0C452A6}
	EndGlobalSection
EndGlobal
